
Microsoft Visual Studio Solution File, Format Version 12.00
# Visual Studio Version 17
VisualStudioVersion = 17.0.31903.59
MinimumVisualStudioVersion = 10.0.40219.1
Project("{2150E333-8FDC-42A3-9474-1A3956D46DE8}") = "src", "src", "{5A4E2F6B-DA3E-43FB-8714-9DBA694756A7}"
EndProject
Project("{FAE04EC0-301F-11D3-BF4B-00C04F79EFBC}") = "MyApi", "src\MyApi\MyApi.csproj", "{E32DA573-54BE-48EF-9FAF-B862CAA30256}"
EndProject
Project("{2150E333-8FDC-42A3-9474-1A3956D46DE8}") = "tests", "tests", "{8C4423BB-A3D7-4995-8CD6-CEF523C8D267}"
EndProject
Project("{FAE04EC0-301F-11D3-BF4B-00C04F79EFBC}") = "MyApi.Tests.Integration", "tests\MyApi.Tests.Integration\MyApi.Tests.Integration.csproj", "{69F332F6-FE56-4789-9AE5-4B4A8BF0D586}"
EndProject
Project("{2150E333-8FDC-42A3-9474-1A3956D46DE8}") = "tools", "tools", "{A2BD0EA0-1349-461A-A4AD-984E50046416}"
EndProject
Project("{FAE04EC0-301F-11D3-BF4B-00C04F79EFBC}") = "TestGen", "tools\TestGen\TestGen.csproj", "{505FBF1B-230D-4147-BAE1-D79CC8635E85}"
EndProject
Project("{FAE04EC0-301F-11D3-BF4B-00C04F79EFBC}") = "ReportGen", "tools\ReportGen\ReportGen.csproj", "{10DDAD3F-8EE7-41A7-947F-92107B504158}"
EndProject
Project("{FAE04EC0-301F-11D3-BF4B-00C04F79EFBC}") = "RuleML", "tools\RuleML\RuleML.csproj", "{C52C3E84-8CB9-42CD-9142-E19D906E510F}"
EndProject
Global
	GlobalSection(SolutionConfigurationPlatforms) = preSolution
		Debug|Any CPU = Debug|Any CPU
		Release|Any CPU = Release|Any CPU
	EndGlobalSection
	GlobalSection(SolutionProperties) = preSolution
		HideSolutionNode = FALSE
	EndGlobalSection
	GlobalSection(ProjectConfigurationPlatforms) = postSolution
		{E32DA573-54BE-48EF-9FAF-B862CAA30256}.Debug|Any CPU.ActiveCfg = Debug|Any CPU
		{E32DA573-54BE-48EF-9FAF-B862CAA30256}.Debug|Any CPU.Build.0 = Debug|Any CPU
		{E32DA573-54BE-48EF-9FAF-B862CAA30256}.Release|Any CPU.ActiveCfg = Release|Any CPU
		{E32DA573-54BE-48EF-9FAF-B862CAA30256}.Release|Any CPU.Build.0 = Release|Any CPU
		{69F332F6-FE56-4789-9AE5-4B4A8BF0D586}.Debug|Any CPU.ActiveCfg = Debug|Any CPU
		{69F332F6-FE56-4789-9AE5-4B4A8BF0D586}.Debug|Any CPU.Build.0 = Debug|Any CPU
		{69F332F6-FE56-4789-9AE5-4B4A8BF0D586}.Release|Any CPU.ActiveCfg = Release|Any CPU
		{69F332F6-FE56-4789-9AE5-4B4A8BF0D586}.Release|Any CPU.Build.0 = Release|Any CPU
		{505FBF1B-230D-4147-BAE1-D79CC8635E85}.Debug|Any CPU.ActiveCfg = Debug|Any CPU
		{505FBF1B-230D-4147-BAE1-D79CC8635E85}.Debug|Any CPU.Build.0 = Debug|Any CPU
		{505FBF1B-230D-4147-BAE1-D79CC8635E85}.Release|Any CPU.ActiveCfg = Release|Any CPU
		{505FBF1B-230D-4147-BAE1-D79CC8635E85}.Release|Any CPU.Build.0 = Release|Any CPU
		{10DDAD3F-8EE7-41A7-947F-92107B504158}.Debug|Any CPU.ActiveCfg = Debug|Any CPU
		{10DDAD3F-8EE7-41A7-947F-92107B504158}.Debug|Any CPU.Build.0 = Debug|Any CPU
		{10DDAD3F-8EE7-41A7-947F-92107B504158}.Release|Any CPU.ActiveCfg = Release|Any CPU
		{10DDAD3F-8EE7-41A7-947F-92107B504158}.Release|Any CPU.Build.0 = Release|Any CPU
		{C52C3E84-8CB9-42CD-9142-E19D906E510F}.Debug|Any CPU.ActiveCfg = Debug|Any CPU
		{C52C3E84-8CB9-42CD-9142-E19D906E510F}.Debug|Any CPU.Build.0 = Debug|Any CPU
		{C52C3E84-8CB9-42CD-9142-E19D906E510F}.Release|Any CPU.ActiveCfg = Release|Any CPU
		{C52C3E84-8CB9-42CD-9142-E19D906E510F}.Release|Any CPU.Build.0 = Release|Any CPU
	EndGlobalSection
	GlobalSection(NestedProjects) = preSolution
		{E32DA573-54BE-48EF-9FAF-B862CAA30256} = {5A4E2F6B-DA3E-43FB-8714-9DBA694756A7}
		{69F332F6-FE56-4789-9AE5-4B4A8BF0D586} = {8C4423BB-A3D7-4995-8CD6-CEF523C8D267}
		{505FBF1B-230D-4147-BAE1-D79CC8635E85} = {A2BD0EA0-1349-461A-A4AD-984E50046416}
		{10DDAD3F-8EE7-41A7-947F-92107B504158} = {A2BD0EA0-1349-461A-A4AD-984E50046416}
		{C52C3E84-8CB9-42CD-9142-E19D906E510F} = {A2BD0EA0-1349-461A-A4AD-984E50046416}
	EndGlobalSection
EndGlobal
