
Microsoft Visual Studio Solution File, Format Version 12.00
# Visual Studio Version 17
VisualStudioVersion = 17.0.31903.59
MinimumVisualStudioVersion = 10.0.40219.1
Project("{2150E333-8FDC-42A3-9474-1A3956D46DE8}") = "src", "src", "{5A4E2F6B-DA3E-43FB-8714-9DBA694756A7}"
EndProject
Project("{2150E333-8FDC-42A3-9474-1A3956D46DE8}") = "tools", "tools", "{A2BD0EA0-1349-461A-A4AD-984E50046416}"
EndProject
Project("{9A19103F-16F7-4668-BE54-9A1E7A4F7556}") = "TestGen", "tools\TestGen\TestGen.csproj", "{505FBF1B-230D-4147-BAE1-D79CC8635E85}"
EndProject
Project("{9A19103F-16F7-4668-BE54-9A1E7A4F7556}") = "ReportGen", "tools\ReportGen\ReportGen.csproj", "{10DDAD3F-8EE7-41A7-947F-92107B504158}"
EndProject
Project("{9A19103F-16F7-4668-BE54-9A1E7A4F7556}") = "RuleML", "tools\RuleML\RuleML.csproj", "{C52C3E84-8CB9-42CD-9142-E19D906E510F}"
EndProject
Project("{9A19103F-16F7-4668-BE54-9A1E7A4F7556}") = "GenAITest.Framework", "src\GenAITest.Framework\GenAITest.Framework.csproj", "{E39A40DB-5571-418A-BD21-93847BC35E4A}"
EndProject
Project("{9A19103F-16F7-4668-BE54-9A1E7A4F7556}") = "GenAITest.Pipeline.LLM", "src\GenAITest.Pipeline.LLM\GenAITest.Pipeline.LLM.csproj", "{3BEAA14D-EBCF-4F30-B8A3-B18467A4DF4A}"
EndProject
Project("{9A19103F-16F7-4668-BE54-9A1E7A4F7556}") = "GenAITest.Pipeline.RAG", "src\GenAITest.Pipeline.RAG\GenAITest.Pipeline.RAG.csproj", "{B451049C-A3BF-44CE-897E-8066CAB3AEC9}"
EndProject
Project("{9A19103F-16F7-4668-BE54-9A1E7A4F7556}") = "GenAITest.Pipeline.Hybrid", "src\GenAITest.Pipeline.Hybrid\GenAITest.Pipeline.Hybrid.csproj", "{858CDFD8-F870-4C13-A15E-581F3E73FA58}"
EndProject
Project("{9A19103F-16F7-4668-BE54-9A1E7A4F7556}") = "GenAITest.RagStore", "src\GenAITest.RagStore\GenAITest.RagStore.csproj", "{A149DAC0-BEA6-418C-AE14-1BC11FB19311}"
EndProject
Project("{9A19103F-16F7-4668-BE54-9A1E7A4F7556}") = "GenAITest.Evaluator", "src\GenAITest.Evaluator\GenAITest.Evaluator.csproj", "{239CEAE7-3437-41C8-93FC-72188A3005C3}"
EndProject
Project("{9A19103F-16F7-4668-BE54-9A1E7A4F7556}") = "GenAITest.CLI", "src\GenAITest.CLI\GenAITest.CLI.csproj", "{2DDD78C4-76F4-4010-ACAA-BAFFD7B80A90}"
EndProject
Global
	GlobalSection(SolutionConfigurationPlatforms) = preSolution
		Debug|Any CPU = Debug|Any CPU
		Release|Any CPU = Release|Any CPU
	EndGlobalSection
	GlobalSection(ProjectConfigurationPlatforms) = postSolution
		{505FBF1B-230D-4147-BAE1-D79CC8635E85}.Debug|Any CPU.ActiveCfg = Debug|Any CPU
		{505FBF1B-230D-4147-BAE1-D79CC8635E85}.Debug|Any CPU.Build.0 = Debug|Any CPU
		{505FBF1B-230D-4147-BAE1-D79CC8635E85}.Release|Any CPU.ActiveCfg = Release|Any CPU
		{505FBF1B-230D-4147-BAE1-D79CC8635E85}.Release|Any CPU.Build.0 = Release|Any CPU
		{10DDAD3F-8EE7-41A7-947F-92107B504158}.Debug|Any CPU.ActiveCfg = Debug|Any CPU
		{10DDAD3F-8EE7-41A7-947F-92107B504158}.Debug|Any CPU.Build.0 = Debug|Any CPU
		{10DDAD3F-8EE7-41A7-947F-92107B504158}.Release|Any CPU.ActiveCfg = Release|Any CPU
		{10DDAD3F-8EE7-41A7-947F-92107B504158}.Release|Any CPU.Build.0 = Release|Any CPU
		{C52C3E84-8CB9-42CD-9142-E19D906E510F}.Debug|Any CPU.ActiveCfg = Debug|Any CPU
		{C52C3E84-8CB9-42CD-9142-E19D906E510F}.Debug|Any CPU.Build.0 = Debug|Any CPU
		{C52C3E84-8CB9-42CD-9142-E19D906E510F}.Release|Any CPU.ActiveCfg = Release|Any CPU
		{C52C3E84-8CB9-42CD-9142-E19D906E510F}.Release|Any CPU.Build.0 = Release|Any CPU
		{E39A40DB-5571-418A-BD21-93847BC35E4A}.Debug|Any CPU.ActiveCfg = Debug|Any CPU
		{E39A40DB-5571-418A-BD21-93847BC35E4A}.Debug|Any CPU.Build.0 = Debug|Any CPU
		{E39A40DB-5571-418A-BD21-93847BC35E4A}.Release|Any CPU.ActiveCfg = Release|Any CPU
		{E39A40DB-5571-418A-BD21-93847BC35E4A}.Release|Any CPU.Build.0 = Release|Any CPU
		{3BEAA14D-EBCF-4F30-B8A3-B18467A4DF4A}.Debug|Any CPU.ActiveCfg = Debug|Any CPU
		{3BEAA14D-EBCF-4F30-B8A3-B18467A4DF4A}.Debug|Any CPU.Build.0 = Debug|Any CPU
		{3BEAA14D-EBCF-4F30-B8A3-B18467A4DF4A}.Release|Any CPU.ActiveCfg = Release|Any CPU
		{3BEAA14D-EBCF-4F30-B8A3-B18467A4DF4A}.Release|Any CPU.Build.0 = Release|Any CPU
		{B451049C-A3BF-44CE-897E-8066CAB3AEC9}.Debug|Any CPU.ActiveCfg = Debug|Any CPU
		{B451049C-A3BF-44CE-897E-8066CAB3AEC9}.Debug|Any CPU.Build.0 = Debug|Any CPU
		{B451049C-A3BF-44CE-897E-8066CAB3AEC9}.Release|Any CPU.ActiveCfg = Release|Any CPU
		{B451049C-A3BF-44CE-897E-8066CAB3AEC9}.Release|Any CPU.Build.0 = Release|Any CPU
		{858CDFD8-F870-4C13-A15E-581F3E73FA58}.Debug|Any CPU.ActiveCfg = Debug|Any CPU
		{858CDFD8-F870-4C13-A15E-581F3E73FA58}.Debug|Any CPU.Build.0 = Debug|Any CPU
		{858CDFD8-F870-4C13-A15E-581F3E73FA58}.Release|Any CPU.ActiveCfg = Release|Any CPU
		{858CDFD8-F870-4C13-A15E-581F3E73FA58}.Release|Any CPU.Build.0 = Release|Any CPU
		{A149DAC0-BEA6-418C-AE14-1BC11FB19311}.Debug|Any CPU.ActiveCfg = Debug|Any CPU
		{A149DAC0-BEA6-418C-AE14-1BC11FB19311}.Debug|Any CPU.Build.0 = Debug|Any CPU
		{A149DAC0-BEA6-418C-AE14-1BC11FB19311}.Release|Any CPU.ActiveCfg = Release|Any CPU
		{A149DAC0-BEA6-418C-AE14-1BC11FB19311}.Release|Any CPU.Build.0 = Release|Any CPU
		{239CEAE7-3437-41C8-93FC-72188A3005C3}.Debug|Any CPU.ActiveCfg = Debug|Any CPU
		{239CEAE7-3437-41C8-93FC-72188A3005C3}.Debug|Any CPU.Build.0 = Debug|Any CPU
		{239CEAE7-3437-41C8-93FC-72188A3005C3}.Release|Any CPU.ActiveCfg = Release|Any CPU
		{239CEAE7-3437-41C8-93FC-72188A3005C3}.Release|Any CPU.Build.0 = Release|Any CPU
		{2DDD78C4-76F4-4010-ACAA-BAFFD7B80A90}.Debug|Any CPU.ActiveCfg = Debug|Any CPU
		{2DDD78C4-76F4-4010-ACAA-BAFFD7B80A90}.Debug|Any CPU.Build.0 = Debug|Any CPU
		{2DDD78C4-76F4-4010-ACAA-BAFFD7B80A90}.Release|Any CPU.ActiveCfg = Release|Any CPU
		{2DDD78C4-76F4-4010-ACAA-BAFFD7B80A90}.Release|Any CPU.Build.0 = Release|Any CPU
	EndGlobalSection
	GlobalSection(SolutionProperties) = preSolution
		HideSolutionNode = FALSE
	EndGlobalSection
	GlobalSection(NestedProjects) = preSolution
		{505FBF1B-230D-4147-BAE1-D79CC8635E85} = {A2BD0EA0-1349-461A-A4AD-984E50046416}
		{10DDAD3F-8EE7-41A7-947F-92107B504158} = {A2BD0EA0-1349-461A-A4AD-984E50046416}
		{C52C3E84-8CB9-42CD-9142-E19D906E510F} = {A2BD0EA0-1349-461A-A4AD-984E50046416}
		{E39A40DB-5571-418A-BD21-93847BC35E4A} = {5A4E2F6B-DA3E-43FB-8714-9DBA694756A7}
		{3BEAA14D-EBCF-4F30-B8A3-B18467A4DF4A} = {5A4E2F6B-DA3E-43FB-8714-9DBA694756A7}
		{B451049C-A3BF-44CE-897E-8066CAB3AEC9} = {5A4E2F6B-DA3E-43FB-8714-9DBA694756A7}
		{858CDFD8-F870-4C13-A15E-581F3E73FA58} = {5A4E2F6B-DA3E-43FB-8714-9DBA694756A7}
		{A149DAC0-BEA6-418C-AE14-1BC11FB19311} = {5A4E2F6B-DA3E-43FB-8714-9DBA694756A7}
		{239CEAE7-3437-41C8-93FC-72188A3005C3} = {5A4E2F6B-DA3E-43FB-8714-9DBA694756A7}
		{2DDD78C4-76F4-4010-ACAA-BAFFD7B80A90} = {5A4E2F6B-DA3E-43FB-8714-9DBA694756A7}
	EndGlobalSection
	GlobalSection(ExtensibilityGlobals) = postSolution
		SolutionGuid = {26B161D4-D3A4-4628-BECC-94BE2D69BB35}
	EndGlobalSection
EndGlobal
